{
  "requires": true,
  "lockfileVersion": 1,
  "dependencies": {
    "@fortawesome/fontawesome-free": {
      "version": "5.4.1",
      "resolved": "https://registry.npmjs.org/@fortawesome/fontawesome-free/-/fontawesome-free-5.4.1.tgz",
      "integrity": "sha512-ZcxfUmLFl4RLG71cPeZcTXRa6rt3xLnMmomAb7aYKRzUmlRRj7E8EVqSwYSXBiV2x6XpSQmGOQmNQx6HSeSwVQ=="
    }
  }
}
