
Microsoft Visual Studio Solution File, Format Version 12.00
# Visual Studio 15
VisualStudioVersion = 15.0.26730.16
MinimumVisualStudioVersion = 10.0.40219.1
Project("{FAE04EC0-301F-11D3-BF4B-00C04F79EFBC}") = "Jobbr.Dashboard.Backend", "Jobbr.Dashboard.Backend\Jobbr.Dashboard.Backend.csproj", "{DEA0DA38-DB0F-4EE5-9A22-A47FD338FDED}"
EndProject
Project("{FAE04EC0-301F-11D3-BF4B-00C04F79EFBC}") = "Jobbr.Dashboard.Playground", "Jobbr.Dashboard.Playground\Jobbr.Dashboard.Playground.csproj", "{CF3E365B-B695-445E-B474-A15774B693E2}"
EndProject
Project("{2150E333-8FDC-42A3-9474-1A3956D46DE8}") = "build", "build", "{13DEFABC-C2B3-4EA5-AB28-51E053D928FE}"
	ProjectSection(SolutionItems) = preProject
		..\appveyor.yml = ..\appveyor.yml
		..\GitVersion.yml = ..\GitVersion.yml
		..\Jobbr.Dashboard.nuspec = ..\Jobbr.Dashboard.nuspec
		..\README.md = ..\README.md
	EndProjectSection
EndProject
Global
	GlobalSection(SolutionConfigurationPlatforms) = preSolution
		Debug|Any CPU = Debug|Any CPU
		Release|Any CPU = Release|Any CPU
	EndGlobalSection
	GlobalSection(ProjectConfigurationPlatforms) = postSolution
		{DEA0DA38-DB0F-4EE5-9A22-A47FD338FDED}.Debug|Any CPU.ActiveCfg = Debug|Any CPU
		{DEA0DA38-DB0F-4EE5-9A22-A47FD338FDED}.Debug|Any CPU.Build.0 = Debug|Any CPU
		{DEA0DA38-DB0F-4EE5-9A22-A47FD338FDED}.Release|Any CPU.ActiveCfg = Release|Any CPU
		{DEA0DA38-DB0F-4EE5-9A22-A47FD338FDED}.Release|Any CPU.Build.0 = Release|Any CPU
		{CF3E365B-B695-445E-B474-A15774B693E2}.Debug|Any CPU.ActiveCfg = Debug|Any CPU
		{CF3E365B-B695-445E-B474-A15774B693E2}.Debug|Any CPU.Build.0 = Debug|Any CPU
		{CF3E365B-B695-445E-B474-A15774B693E2}.Release|Any CPU.ActiveCfg = Release|Any CPU
		{CF3E365B-B695-445E-B474-A15774B693E2}.Release|Any CPU.Build.0 = Release|Any CPU
	EndGlobalSection
	GlobalSection(SolutionProperties) = preSolution
		HideSolutionNode = FALSE
	EndGlobalSection
	GlobalSection(ExtensibilityGlobals) = postSolution
		SolutionGuid = {15D5FE99-4EE3-41A7-A9F8-0BF6E785BF68}
	EndGlobalSection
EndGlobal
