
Microsoft Visual Studio Solution File, Format Version 12.00
# Visual Studio Version 17
VisualStudioVersion = 17.4.33205.214
MinimumVisualStudioVersion = 10.0.40219.1
Project("{2150E333-8FDC-42A3-9474-1A3956D46DE8}") = "build", "build", "{13DEFABC-C2B3-4EA5-AB28-51E053D928FE}"
	ProjectSection(SolutionItems) = preProject
		..\appveyor.yml = ..\appveyor.yml
		..\GitVersion.yml = ..\GitVersion.yml
		..\Jobbr.Dashboard.nuspec = ..\Jobbr.Dashboard.nuspec
		..\Jobbr.Dashboard.targets = ..\Jobbr.Dashboard.targets
		..\README.md = ..\README.md
	EndProjectSection
EndProject
Project("{9A19103F-16F7-4668-BE54-9A1E7A4F7556}") = "Jobbr.Dashboard.Tests", "Jobbr.Dashboard.Tests\Jobbr.Dashboard.Tests.csproj", "{243A321C-D8CD-447D-AD25-C831E17ADF76}"
EndProject
Project("{9A19103F-16F7-4668-BE54-9A1E7A4F7556}") = "Sample.Jobbr.Server", "Sample.Jobbr.Server\Sample.Jobbr.Server.csproj", "{CF3E365B-B695-445E-B474-A15774B693E2}"
EndProject
Project("{9A19103F-16F7-4668-BE54-9A1E7A4F7556}") = "Sample.JobRunner", "Sample.JobRunner\Sample.JobRunner.csproj", "{BF69F1FD-4FE4-48AE-937F-03B123211277}"
EndProject
Project("{9A19103F-16F7-4668-BE54-9A1E7A4F7556}") = "Jobbr.Dashboard", "Jobbr.Dashboard\Jobbr.Dashboard.csproj", "{DEA0DA38-DB0F-4EE5-9A22-A47FD338FDED}"
EndProject
Project("{2150E333-8FDC-42A3-9474-1A3956D46DE8}") = "submodules", "submodules", "{3BDCECAC-E578-4A64-A831-1283295900BC}"
	ProjectSection(SolutionItems) = preProject
		submodules\devsupport\src\Jobbr.DevSupport.StyleCopAnalyzer\Jobbr.DevSupport.StyleCopAnalyzer.targets = submodules\devsupport\src\Jobbr.DevSupport.StyleCopAnalyzer\Jobbr.DevSupport.StyleCopAnalyzer.targets
		submodules\devsupport\src\Jobbr.DevSupport.StyleCopAnalyzer\JobbrRuleSet.ruleset = submodules\devsupport\src\Jobbr.DevSupport.StyleCopAnalyzer\JobbrRuleSet.ruleset
	EndProjectSection
EndProject
Global
	GlobalSection(SolutionConfigurationPlatforms) = preSolution
		Debug|Any CPU = Debug|Any CPU
		Release|Any CPU = Release|Any CPU
	EndGlobalSection
	GlobalSection(ProjectConfigurationPlatforms) = postSolution
		{243A321C-D8CD-447D-AD25-C831E17ADF76}.Debug|Any CPU.ActiveCfg = Debug|Any CPU
		{243A321C-D8CD-447D-AD25-C831E17ADF76}.Debug|Any CPU.Build.0 = Debug|Any CPU
		{243A321C-D8CD-447D-AD25-C831E17ADF76}.Release|Any CPU.ActiveCfg = Release|Any CPU
		{243A321C-D8CD-447D-AD25-C831E17ADF76}.Release|Any CPU.Build.0 = Release|Any CPU
		{CF3E365B-B695-445E-B474-A15774B693E2}.Debug|Any CPU.ActiveCfg = Debug|Any CPU
		{CF3E365B-B695-445E-B474-A15774B693E2}.Debug|Any CPU.Build.0 = Debug|Any CPU
		{CF3E365B-B695-445E-B474-A15774B693E2}.Release|Any CPU.ActiveCfg = Release|Any CPU
		{CF3E365B-B695-445E-B474-A15774B693E2}.Release|Any CPU.Build.0 = Release|Any CPU
		{BF69F1FD-4FE4-48AE-937F-03B123211277}.Debug|Any CPU.ActiveCfg = Debug|Any CPU
		{BF69F1FD-4FE4-48AE-937F-03B123211277}.Debug|Any CPU.Build.0 = Debug|Any CPU
		{BF69F1FD-4FE4-48AE-937F-03B123211277}.Release|Any CPU.ActiveCfg = Release|Any CPU
		{BF69F1FD-4FE4-48AE-937F-03B123211277}.Release|Any CPU.Build.0 = Release|Any CPU
		{DEA0DA38-DB0F-4EE5-9A22-A47FD338FDED}.Debug|Any CPU.ActiveCfg = Debug|Any CPU
		{DEA0DA38-DB0F-4EE5-9A22-A47FD338FDED}.Debug|Any CPU.Build.0 = Debug|Any CPU
		{DEA0DA38-DB0F-4EE5-9A22-A47FD338FDED}.Release|Any CPU.ActiveCfg = Release|Any CPU
		{DEA0DA38-DB0F-4EE5-9A22-A47FD338FDED}.Release|Any CPU.Build.0 = Release|Any CPU
	EndGlobalSection
	GlobalSection(SolutionProperties) = preSolution
		HideSolutionNode = FALSE
	EndGlobalSection
	GlobalSection(ExtensibilityGlobals) = postSolution
		SolutionGuid = {15D5FE99-4EE3-41A7-A9F8-0BF6E785BF68}
	EndGlobalSection
EndGlobal
